
Microsoft Visual Studio Solution File, Format Version 12.00
# Visual Studio Version 17
VisualStudioVersion = 17.3.32929.385
MinimumVisualStudioVersion = 10.0.40219.1
Project("{9A19103F-16F7-4668-BE54-9A1E7A4F7556}") = "xo", "xo\xo.csproj", "{91F329A5-2D3C-4F8A-A156-7143A7DA4ED8}"
EndProject
Global
	GlobalSection(SolutionConfigurationPlatforms) = preSolution
		Debug|Any CPU = Debug|Any CPU
		Release|Any CPU = Release|Any CPU
	EndGlobalSection
	GlobalSection(ProjectConfigurationPlatforms) = postSolution
		{91F329A5-2D3C-4F8A-A156-7143A7DA4ED8}.Debug|Any CPU.ActiveCfg = Debug|Any CPU
		{91F329A5-2D3C-4F8A-A156-7143A7DA4ED8}.Debug|Any CPU.Build.0 = Debug|Any CPU
		{91F329A5-2D3C-4F8A-A156-7143A7DA4ED8}.Release|Any CPU.ActiveCfg = Release|Any CPU
		{91F329A5-2D3C-4F8A-A156-7143A7DA4ED8}.Release|Any CPU.Build.0 = Release|Any CPU
	EndGlobalSection
	GlobalSection(SolutionProperties) = preSolution
		HideSolutionNode = FALSE
	EndGlobalSection
	GlobalSection(ExtensibilityGlobals) = postSolution
		SolutionGuid = {52D987BB-D151-45C4-B0EC-8583DE2D99CF}
	EndGlobalSection
EndGlobal
